
Microsoft Visual Studio Solution File, Format Version 12.00
# Visual Studio 15
VisualStudioVersion = 15.0.27004.2008
MinimumVisualStudioVersion = 10.0.40219.1
Project("{8BC9CEB8-8B4A-11D0-8D11-00A0C91BC942}") = "Computer Architecture Project", "Computer Architecture Project\Computer Architecture Project.vcxproj", "{0072C6B6-05FB-48F4-A759-2AB5962692B6}"
EndProject
Global
	GlobalSection(SolutionConfigurationPlatforms) = preSolution
		Debug|x64 = Debug|x64
		Debug|x86 = Debug|x86
		Release|x64 = Release|x64
		Release|x86 = Release|x86
	EndGlobalSection
	GlobalSection(ProjectConfigurationPlatforms) = postSolution
		{0072C6B6-05FB-48F4-A759-2AB5962692B6}.Debug|x64.ActiveCfg = Debug|x64
		{0072C6B6-05FB-48F4-A759-2AB5962692B6}.Debug|x64.Build.0 = Debug|x64
		{0072C6B6-05FB-48F4-A759-2AB5962692B6}.Debug|x86.ActiveCfg = Debug|Win32
		{0072C6B6-05FB-48F4-A759-2AB5962692B6}.Debug|x86.Build.0 = Debug|Win32
		{0072C6B6-05FB-48F4-A759-2AB5962692B6}.Release|x64.ActiveCfg = Release|x64
		{0072C6B6-05FB-48F4-A759-2AB5962692B6}.Release|x64.Build.0 = Release|x64
		{0072C6B6-05FB-48F4-A759-2AB5962692B6}.Release|x86.ActiveCfg = Release|Win32
		{0072C6B6-05FB-48F4-A759-2AB5962692B6}.Release|x86.Build.0 = Release|Win32
	EndGlobalSection
	GlobalSection(SolutionProperties) = preSolution
		HideSolutionNode = FALSE
	EndGlobalSection
	GlobalSection(ExtensibilityGlobals) = postSolution
		SolutionGuid = {9393F644-EE44-434B-82FF-82C4AB75113C}
	EndGlobalSection
EndGlobal
